
Microsoft Visual Studio Solution File, Format Version 12.00
# Visual Studio Version 17
VisualStudioVersion = 17.14.36301.6 d17.14
MinimumVisualStudioVersion = 10.0.40219.1
Project("{FAE04EC0-301F-11D3-BF4B-00C04F79EFBC}") = "HGEngineGUI", "HGEngineGUI.csproj", "{03F5FF2F-F564-4DF3-A242-82A8810F1C95}"
EndProject
Global
	GlobalSection(SolutionConfigurationPlatforms) = preSolution
		Debug|ARM64 = Debug|ARM64
		Debug|x64 = Debug|x64
		Debug|x86 = Debug|x86
		Release|ARM64 = Release|ARM64
		Release|x64 = Release|x64
		Release|x86 = Release|x86
	EndGlobalSection
	GlobalSection(ProjectConfigurationPlatforms) = postSolution
		{03F5FF2F-F564-4DF3-A242-82A8810F1C95}.Debug|ARM64.ActiveCfg = Debug|ARM64
		{03F5FF2F-F564-4DF3-A242-82A8810F1C95}.Debug|ARM64.Build.0 = Debug|ARM64
		{03F5FF2F-F564-4DF3-A242-82A8810F1C95}.Debug|ARM64.Deploy.0 = Debug|ARM64
		{03F5FF2F-F564-4DF3-A242-82A8810F1C95}.Debug|x64.ActiveCfg = Debug|x64
		{03F5FF2F-F564-4DF3-A242-82A8810F1C95}.Debug|x64.Build.0 = Debug|x64
		{03F5FF2F-F564-4DF3-A242-82A8810F1C95}.Debug|x64.Deploy.0 = Debug|x64
		{03F5FF2F-F564-4DF3-A242-82A8810F1C95}.Debug|x86.ActiveCfg = Debug|x86
		{03F5FF2F-F564-4DF3-A242-82A8810F1C95}.Debug|x86.Build.0 = Debug|x86
		{03F5FF2F-F564-4DF3-A242-82A8810F1C95}.Debug|x86.Deploy.0 = Debug|x86
		{03F5FF2F-F564-4DF3-A242-82A8810F1C95}.Release|ARM64.ActiveCfg = Release|ARM64
		{03F5FF2F-F564-4DF3-A242-82A8810F1C95}.Release|ARM64.Build.0 = Release|ARM64
		{03F5FF2F-F564-4DF3-A242-82A8810F1C95}.Release|ARM64.Deploy.0 = Release|ARM64
		{03F5FF2F-F564-4DF3-A242-82A8810F1C95}.Release|x64.ActiveCfg = Release|x64
		{03F5FF2F-F564-4DF3-A242-82A8810F1C95}.Release|x64.Build.0 = Release|x64
		{03F5FF2F-F564-4DF3-A242-82A8810F1C95}.Release|x64.Deploy.0 = Release|x64
		{03F5FF2F-F564-4DF3-A242-82A8810F1C95}.Release|x86.ActiveCfg = Release|x86
		{03F5FF2F-F564-4DF3-A242-82A8810F1C95}.Release|x86.Build.0 = Release|x86
		{03F5FF2F-F564-4DF3-A242-82A8810F1C95}.Release|x86.Deploy.0 = Release|x86
	EndGlobalSection
	GlobalSection(SolutionProperties) = preSolution
		HideSolutionNode = FALSE
	EndGlobalSection
	GlobalSection(ExtensibilityGlobals) = postSolution
		SolutionGuid = {E8B2B046-744A-4C68-A82D-8C8881A229B9}
	EndGlobalSection
EndGlobal
